
Microsoft Visual Studio Solution File, Format Version 12.00
# Visual Studio Version 16
VisualStudioVersion = 16.0.28803.352
MinimumVisualStudioVersion = 10.0.40219.1
Project("{FAE04EC0-301F-11D3-BF4B-00C04F79EFBC}") = "WindowsFormsApp1", "WindowsFormsApp1\WindowsFormsApp1.csproj", "{45CB8796-0FB0-4D17-B8C5-3F5179F61200}"
EndProject
Global
	GlobalSection(SolutionConfigurationPlatforms) = preSolution
		Debug|Any CPU = Debug|Any CPU
		Release|Any CPU = Release|Any CPU
	EndGlobalSection
	GlobalSection(ProjectConfigurationPlatforms) = postSolution
		{45CB8796-0FB0-4D17-B8C5-3F5179F61200}.Debug|Any CPU.ActiveCfg = Debug|Any CPU
		{45CB8796-0FB0-4D17-B8C5-3F5179F61200}.Debug|Any CPU.Build.0 = Debug|Any CPU
		{45CB8796-0FB0-4D17-B8C5-3F5179F61200}.Release|Any CPU.ActiveCfg = Release|Any CPU
		{45CB8796-0FB0-4D17-B8C5-3F5179F61200}.Release|Any CPU.Build.0 = Release|Any CPU
	EndGlobalSection
	GlobalSection(SolutionProperties) = preSolution
		HideSolutionNode = FALSE
	EndGlobalSection
	GlobalSection(ExtensibilityGlobals) = postSolution
		SolutionGuid = {5EE48C92-936D-4947-AC85-51624E6D58A5}
	EndGlobalSection
EndGlobal
